// !$*UTF8*$!
{
	archiveVersion = 1;
	classes = {
	};
	objectVersion = 50;
	objects = {

/* Begin PBXBuildFile section */
		9C142D4C28C3503800CDA46C /* ARModel.swift in Sources */ = {isa = PBXBuildFile; fileRef = 9C142D4B28C3503800CDA46C /* ARModel.swift */; };
		9C142D5128C3504200CDA46C /* object3.usdz in Resources */ = {isa = PBXBuildFile; fileRef = 9C142D4E28C3504200CDA46C /* object3.usdz */; };
		9C142D5228C3504200CDA46C /* object2.usdz in Resources */ = {isa = PBXBuildFile; fileRef = 9C142D4F28C3504200CDA46C /* object2.usdz */; };
		9C142D5328C3504200CDA46C /* object1.usdz in Resources */ = {isa = PBXBuildFile; fileRef = 9C142D5028C3504200CDA46C /* object1.usdz */; };
		9C142D5628C3504B00CDA46C /* ARModelsListView.swift in Sources */ = {isa = PBXBuildFile; fileRef = 9C142D5528C3504B00CDA46C /* ARModelsListView.swift */; };
		9C142D5828C3508F00CDA46C /* TexturesView.swift in Sources */ = {isa = PBXBuildFile; fileRef = 9C142D5728C3508F00CDA46C /* TexturesView.swift */; };
		9C142D5B28C350DD00CDA46C /* SceneKitViewContainer.swift in Sources */ = {isa = PBXBuildFile; fileRef = 9C142D5A28C350DD00CDA46C /* SceneKitViewContainer.swift */; };
		9C142D5D28C3518000CDA46C /* SCNViewCreator.swift in Sources */ = {isa = PBXBuildFile; fileRef = 9C142D5C28C3518000CDA46C /* SCNViewCreator.swift */; };
		9C142D5F28C352D600CDA46C /* SceneKitEditableTextureViewContainer.swift in Sources */ = {isa = PBXBuildFile; fileRef = 9C142D5E28C352D600CDA46C /* SceneKitEditableTextureViewContainer.swift */; };
		9C142D6228C354C500CDA46C /* AssetExtractor.swift in Sources */ = {isa = PBXBuildFile; fileRef = 9C142D6128C354C500CDA46C /* AssetExtractor.swift */; };
		9C142D6428C3558400CDA46C /* ARViewContainer.swift in Sources */ = {isa = PBXBuildFile; fileRef = 9C142D6328C3558400CDA46C /* ARViewContainer.swift */; };
		9C76464428C31BAE00391045 /* VictoriaVRTestApp.swift in Sources */ = {isa = PBXBuildFile; fileRef = 9C76464328C31BAE00391045 /* VictoriaVRTestApp.swift */; };
		9C76464828C31BAF00391045 /* Assets.xcassets in Resources */ = {isa = PBXBuildFile; fileRef = 9C76464728C31BAF00391045 /* Assets.xcassets */; };
		9C76464B28C31BAF00391045 /* Preview Assets.xcassets in Resources */ = {isa = PBXBuildFile; fileRef = 9C76464A28C31BAF00391045 /* Preview Assets.xcassets */; };
/* End PBXBuildFile section */

/* Begin PBXFileReference section */
		9C142D4B28C3503800CDA46C /* ARModel.swift */ = {isa = PBXFileReference; fileEncoding = 4; lastKnownFileType = sourcecode.swift; path = ARModel.swift; sourceTree = "<group>"; };
		9C142D4E28C3504200CDA46C /* object3.usdz */ = {isa = PBXFileReference; lastKnownFileType = file.usdz; path = object3.usdz; sourceTree = "<group>"; };
		9C142D4F28C3504200CDA46C /* object2.usdz */ = {isa = PBXFileReference; lastKnownFileType = file.usdz; path = object2.usdz; sourceTree = "<group>"; };
		9C142D5028C3504200CDA46C /* object1.usdz */ = {isa = PBXFileReference; lastKnownFileType = file.usdz; path = object1.usdz; sourceTree = "<group>"; };
		9C142D5528C3504B00CDA46C /* ARModelsListView.swift */ = {isa = PBXFileReference; fileEncoding = 4; lastKnownFileType = sourcecode.swift; path = ARModelsListView.swift; sourceTree = "<group>"; };
		9C142D5728C3508F00CDA46C /* TexturesView.swift */ = {isa = PBXFileReference; lastKnownFileType = sourcecode.swift; path = TexturesView.swift; sourceTree = "<group>"; };
		9C142D5A28C350DD00CDA46C /* SceneKitViewContainer.swift */ = {isa = PBXFileReference; lastKnownFileType = sourcecode.swift; path = SceneKitViewContainer.swift; sourceTree = "<group>"; };
		9C142D5C28C3518000CDA46C /* SCNViewCreator.swift */ = {isa = PBXFileReference; lastKnownFileType = sourcecode.swift; path = SCNViewCreator.swift; sourceTree = "<group>"; };
		9C142D5E28C352D600CDA46C /* SceneKitEditableTextureViewContainer.swift */ = {isa = PBXFileReference; lastKnownFileType = sourcecode.swift; path = SceneKitEditableTextureViewContainer.swift; sourceTree = "<group>"; };
		9C142D6128C354C500CDA46C /* AssetExtractor.swift */ = {isa = PBXFileReference; lastKnownFileType = sourcecode.swift; path = AssetExtractor.swift; sourceTree = "<group>"; };
		9C142D6328C3558400CDA46C /* ARViewContainer.swift */ = {isa = PBXFileReference; lastKnownFileType = sourcecode.swift; path = ARViewContainer.swift; sourceTree = "<group>"; };
		9C76464028C31BAE00391045 /* VictoriaVRTest.app */ = {isa = PBXFileReference; explicitFileType = wrapper.application; includeInIndex = 0; path = VictoriaVRTest.app; sourceTree = BUILT_PRODUCTS_DIR; };
		9C76464328C31BAE00391045 /* VictoriaVRTestApp.swift */ = {isa = PBXFileReference; lastKnownFileType = sourcecode.swift; path = VictoriaVRTestApp.swift; sourceTree = "<group>"; };
		9C76464728C31BAF00391045 /* Assets.xcassets */ = {isa = PBXFileReference; lastKnownFileType = folder.assetcatalog; path = Assets.xcassets; sourceTree = "<group>"; };
		9C76464A28C31BAF00391045 /* Preview Assets.xcassets */ = {isa = PBXFileReference; lastKnownFileType = folder.assetcatalog; path = "Preview Assets.xcassets"; sourceTree = "<group>"; };
		9C76464C28C31BAF00391045 /* Info.plist */ = {isa = PBXFileReference; lastKnownFileType = text.plist.xml; path = Info.plist; sourceTree = "<group>"; };
/* End PBXFileReference section */

/* Begin PBXFrameworksBuildPhase section */
		9C76463D28C31BAE00391045 /* Frameworks */ = {
			isa = PBXFrameworksBuildPhase;
			buildActionMask = 2147483647;
			files = (
			);
			runOnlyForDeploymentPostprocessing = 0;
		};
/* End PBXFrameworksBuildPhase section */

/* Begin PBXGroup section */
		9C142D4A28C3503800CDA46C /* model */ = {
			isa = PBXGroup;
			children = (
				9C142D4B28C3503800CDA46C /* ARModel.swift */,
			);
			path = model;
			sourceTree = "<group>";
		};
		9C142D4D28C3504200CDA46C /* resources */ = {
			isa = PBXGroup;
			children = (
				9C142D4E28C3504200CDA46C /* object3.usdz */,
				9C142D4F28C3504200CDA46C /* object2.usdz */,
				9C142D5028C3504200CDA46C /* object1.usdz */,
			);
			path = resources;
			sourceTree = "<group>";
		};
		9C142D5428C3504B00CDA46C /* scene */ = {
			isa = PBXGroup;
			children = (
				9C142D5528C3504B00CDA46C /* ARModelsListView.swift */,
				9C142D5728C3508F00CDA46C /* TexturesView.swift */,
				9C142D6328C3558400CDA46C /* ARViewContainer.swift */,
			);
			path = scene;
			sourceTree = "<group>";
		};
		9C142D5928C350B800CDA46C /* components */ = {
			isa = PBXGroup;
			children = (
				9C142D5C28C3518000CDA46C /* SCNViewCreator.swift */,
				9C142D5A28C350DD00CDA46C /* SceneKitViewContainer.swift */,
				9C142D5E28C352D600CDA46C /* SceneKitEditableTextureViewContainer.swift */,
			);
			path = components;
			sourceTree = "<group>";
		};
		9C142D6028C354A000CDA46C /* tools */ = {
			isa = PBXGroup;
			children = (
				9C142D6128C354C500CDA46C /* AssetExtractor.swift */,
			);
			path = tools;
			sourceTree = "<group>";
		};
		9C76463728C31BAE00391045 = {
			isa = PBXGroup;
			children = (
				9C76464228C31BAE00391045 /* VictoriaVRTest */,
				9C76464128C31BAE00391045 /* Products */,
			);
			sourceTree = "<group>";
		};
		9C76464128C31BAE00391045 /* Products */ = {
			isa = PBXGroup;
			children = (
				9C76464028C31BAE00391045 /* VictoriaVRTest.app */,
			);
			name = Products;
			sourceTree = "<group>";
		};
		9C76464228C31BAE00391045 /* VictoriaVRTest */ = {
			isa = PBXGroup;
			children = (
				9C142D6028C354A000CDA46C /* tools */,
				9C142D5928C350B800CDA46C /* components */,
				9C142D4A28C3503800CDA46C /* model */,
				9C142D5428C3504B00CDA46C /* scene */,
				9C142D4D28C3504200CDA46C /* resources */,
				9C76464328C31BAE00391045 /* VictoriaVRTestApp.swift */,
				9C76464728C31BAF00391045 /* Assets.xcassets */,
				9C76464C28C31BAF00391045 /* Info.plist */,
				9C76464928C31BAF00391045 /* Preview Content */,
			);
			path = VictoriaVRTest;
			sourceTree = "<group>";
		};
		9C76464928C31BAF00391045 /* Preview Content */ = {
			isa = PBXGroup;
			children = (
				9C76464A28C31BAF00391045 /* Preview Assets.xcassets */,
			);
			path = "Preview Content";
			sourceTree = "<group>";
		};
/* End PBXGroup section */

/* Begin PBXNativeTarget section */
		9C76463F28C31BAE00391045 /* VictoriaVRTest */ = {
			isa = PBXNativeTarget;
			buildConfigurationList = 9C76464F28C31BAF00391045 /* Build configuration list for PBXNativeTarget "VictoriaVRTest" */;
			buildPhases = (
				9C76463C28C31BAE00391045 /* Sources */,
				9C76463D28C31BAE00391045 /* Frameworks */,
				9C76463E28C31BAE00391045 /* Resources */,
			);
			buildRules = (
			);
			dependencies = (
			);
			name = VictoriaVRTest;
			productName = VictoriaVRTest;
			productReference = 9C76464028C31BAE00391045 /* VictoriaVRTest.app */;
			productType = "com.apple.product-type.application";
		};
/* End PBXNativeTarget section */

/* Begin PBXProject section */
		9C76463828C31BAE00391045 /* Project object */ = {
			isa = PBXProject;
			attributes = {
				LastSwiftUpdateCheck = 1250;
				LastUpgradeCheck = 1250;
				TargetAttributes = {
					9C76463F28C31BAE00391045 = {
						CreatedOnToolsVersion = 12.5;
					};
				};
			};
			buildConfigurationList = 9C76463B28C31BAE00391045 /* Build configuration list for PBXProject "VictoriaVRTest" */;
			compatibilityVersion = "Xcode 9.3";
			developmentRegion = en;
			hasScannedForEncodings = 0;
			knownRegions = (
				en,
				Base,
			);
			mainGroup = 9C76463728C31BAE00391045;
			productRefGroup = 9C76464128C31BAE00391045 /* Products */;
			projectDirPath = "";
			projectRoot = "";
			targets = (
				9C76463F28C31BAE00391045 /* VictoriaVRTest */,
			);
		};
/* End PBXProject section */

/* Begin PBXResourcesBuildPhase section */
		9C76463E28C31BAE00391045 /* Resources */ = {
			isa = PBXResourcesBuildPhase;
			buildActionMask = 2147483647;
			files = (
				9C142D5128C3504200CDA46C /* object3.usdz in Resources */,
				9C142D5228C3504200CDA46C /* object2.usdz in Resources */,
				9C76464B28C31BAF00391045 /* Preview Assets.xcassets in Resources */,
				9C142D5328C3504200CDA46C /* object1.usdz in Resources */,
				9C76464828C31BAF00391045 /* Assets.xcassets in Resources */,
			);
			runOnlyForDeploymentPostprocessing = 0;
		};
/* End PBXResourcesBuildPhase section */

/* Begin PBXSourcesBuildPhase section */
		9C76463C28C31BAE00391045 /* Sources */ = {
			isa = PBXSourcesBuildPhase;
			buildActionMask = 2147483647;
			files = (
				9C142D5828C3508F00CDA46C /* TexturesView.swift in Sources */,
				9C142D4C28C3503800CDA46C /* ARModel.swift in Sources */,
				9C142D5B28C350DD00CDA46C /* SceneKitViewContainer.swift in Sources */,
				9C142D6228C354C500CDA46C /* AssetExtractor.swift in Sources */,
				9C142D5F28C352D600CDA46C /* SceneKitEditableTextureViewContainer.swift in Sources */,
				9C142D6428C3558400CDA46C /* ARViewContainer.swift in Sources */,
				9C76464428C31BAE00391045 /* VictoriaVRTestApp.swift in Sources */,
				9C142D5D28C3518000CDA46C /* SCNViewCreator.swift in Sources */,
				9C142D5628C3504B00CDA46C /* ARModelsListView.swift in Sources */,
			);
			runOnlyForDeploymentPostprocessing = 0;
		};
/* End PBXSourcesBuildPhase section */

/* Begin XCBuildConfiguration section */
		9C76464D28C31BAF00391045 /* Debug */ = {
			isa = XCBuildConfiguration;
			buildSettings = {
				ALWAYS_SEARCH_USER_PATHS = NO;
				CLANG_ANALYZER_NONNULL = YES;
				CLANG_ANALYZER_NUMBER_OBJECT_CONVERSION = YES_AGGRESSIVE;
				CLANG_CXX_LANGUAGE_STANDARD = "gnu++14";
				CLANG_CXX_LIBRARY = "libc++";
				CLANG_ENABLE_MODULES = YES;
				CLANG_ENABLE_OBJC_ARC = YES;
				CLANG_ENABLE_OBJC_WEAK = YES;
				CLANG_WARN_BLOCK_CAPTURE_AUTORELEASING = YES;
				CLANG_WARN_BOOL_CONVERSION = YES;
				CLANG_WARN_COMMA = YES;
				CLANG_WARN_CONSTANT_CONVERSION = YES;
				CLANG_WARN_DEPRECATED_OBJC_IMPLEMENTATIONS = YES;
				CLANG_WARN_DIRECT_OBJC_ISA_USAGE = YES_ERROR;
				CLANG_WARN_DOCUMENTATION_COMMENTS = YES;
				CLANG_WARN_EMPTY_BODY = YES;
				CLANG_WARN_ENUM_CONVERSION = YES;
				CLANG_WARN_INFINITE_RECURSION = YES;
				CLANG_WARN_INT_CONVERSION = YES;
				CLANG_WARN_NON_LITERAL_NULL_CONVERSION = YES;
				CLANG_WARN_OBJC_IMPLICIT_RETAIN_SELF = YES;
				CLANG_WARN_OBJC_LITERAL_CONVERSION = YES;
				CLANG_WARN_OBJC_ROOT_CLASS = YES_ERROR;
				CLANG_WARN_QUOTED_INCLUDE_IN_FRAMEWORK_HEADER = YES;
				CLANG_WARN_RANGE_LOOP_ANALYSIS = YES;
				CLANG_WARN_STRICT_PROTOTYPES = YES;
				CLANG_WARN_SUSPICIOUS_MOVE = YES;
				CLANG_WARN_UNGUARDED_AVAILABILITY = YES_AGGRESSIVE;
				CLANG_WARN_UNREACHABLE_CODE = YES;
				CLANG_WARN__DUPLICATE_METHOD_MATCH = YES;
				COPY_PHASE_STRIP = NO;
				DEBUG_INFORMATION_FORMAT = dwarf;
				ENABLE_STRICT_OBJC_MSGSEND = YES;
				ENABLE_TESTABILITY = YES;
				GCC_C_LANGUAGE_STANDARD = gnu11;
				GCC_DYNAMIC_NO_PIC = NO;
				GCC_NO_COMMON_BLOCKS = YES;
				GCC_OPTIMIZATION_LEVEL = 0;
				GCC_PREPROCESSOR_DEFINITIONS = (
					"DEBUG=1",
					"$(inherited)",
				);
				GCC_WARN_64_TO_32_BIT_CONVERSION = YES;
				GCC_WARN_ABOUT_RETURN_TYPE = YES_ERROR;
				GCC_WARN_UNDECLARED_SELECTOR = YES;
				GCC_WARN_UNINITIALIZED_AUTOS = YES_AGGRESSIVE;
				GCC_WARN_UNUSED_FUNCTION = YES;
				GCC_WARN_UNUSED_VARIABLE = YES;
				IPHONEOS_DEPLOYMENT_TARGET = 14.5;
				MTL_ENABLE_DEBUG_INFO = INCLUDE_SOURCE;
				MTL_FAST_MATH = YES;
				ONLY_ACTIVE_ARCH = YES;
				SDKROOT = iphoneos;
				SWIFT_ACTIVE_COMPILATION_CONDITIONS = DEBUG;
				SWIFT_OPTIMIZATION_LEVEL = "-Onone";
			};
			name = Debug;
		};
		9C76464E28C31BAF00391045 /* Release */ = {
			isa = XCBuildConfiguration;
			buildSettings = {
				ALWAYS_SEARCH_USER_PATHS = NO;
				CLANG_ANALYZER_NONNULL = YES;
				CLANG_ANALYZER_NUMBER_OBJECT_CONVERSION = YES_AGGRESSIVE;
				CLANG_CXX_LANGUAGE_STANDARD = "gnu++14";
				CLANG_CXX_LIBRARY = "libc++";
				CLANG_ENABLE_MODULES = YES;
				CLANG_ENABLE_OBJC_ARC = YES;
				CLANG_ENABLE_OBJC_WEAK = YES;
				CLANG_WARN_BLOCK_CAPTURE_AUTORELEASING = YES;
				CLANG_WARN_BOOL_CONVERSION = YES;
				CLANG_WARN_COMMA = YES;
				CLANG_WARN_CONSTANT_CONVERSION = YES;
				CLANG_WARN_DEPRECATED_OBJC_IMPLEMENTATIONS = YES;
				CLANG_WARN_DIRECT_OBJC_ISA_USAGE = YES_ERROR;
				CLANG_WARN_DOCUMENTATION_COMMENTS = YES;
				CLANG_WARN_EMPTY_BODY = YES;
				CLANG_WARN_ENUM_CONVERSION = YES;
				CLANG_WARN_INFINITE_RECURSION = YES;
				CLANG_WARN_INT_CONVERSION = YES;
				CLANG_WARN_NON_LITERAL_NULL_CONVERSION = YES;
				CLANG_WARN_OBJC_IMPLICIT_RETAIN_SELF = YES;
				CLANG_WARN_OBJC_LITERAL_CONVERSION = YES;
				CLANG_WARN_OBJC_ROOT_CLASS = YES_ERROR;
				CLANG_WARN_QUOTED_INCLUDE_IN_FRAMEWORK_HEADER = YES;
				CLANG_WARN_RANGE_LOOP_ANALYSIS = YES;
				CLANG_WARN_STRICT_PROTOTYPES = YES;
				CLANG_WARN_SUSPICIOUS_MOVE = YES;
				CLANG_WARN_UNGUARDED_AVAILABILITY = YES_AGGRESSIVE;
				CLANG_WARN_UNREACHABLE_CODE = YES;
				CLANG_WARN__DUPLICATE_METHOD_MATCH = YES;
				COPY_PHASE_STRIP = NO;
				DEBUG_INFORMATION_FORMAT = "dwarf-with-dsym";
				ENABLE_NS_ASSERTIONS = NO;
				ENABLE_STRICT_OBJC_MSGSEND = YES;
				GCC_C_LANGUAGE_STANDARD = gnu11;
				GCC_NO_COMMON_BLOCKS = YES;
				GCC_WARN_64_TO_32_BIT_CONVERSION = YES;
				GCC_WARN_ABOUT_RETURN_TYPE = YES_ERROR;
				GCC_WARN_UNDECLARED_SELECTOR = YES;
				GCC_WARN_UNINITIALIZED_AUTOS = YES_AGGRESSIVE;
				GCC_WARN_UNUSED_FUNCTION = YES;
				GCC_WARN_UNUSED_VARIABLE = YES;
				IPHONEOS_DEPLOYMENT_TARGET = 14.5;
				MTL_ENABLE_DEBUG_INFO = NO;
				MTL_FAST_MATH = YES;
				SDKROOT = iphoneos;
				SWIFT_COMPILATION_MODE = wholemodule;
				SWIFT_OPTIMIZATION_LEVEL = "-O";
				VALIDATE_PRODUCT = YES;
			};
			name = Release;
		};
		9C76465028C31BAF00391045 /* Debug */ = {
			isa = XCBuildConfiguration;
			buildSettings = {
				ASSETCATALOG_COMPILER_APPICON_NAME = AppIcon;
				ASSETCATALOG_COMPILER_GLOBAL_ACCENT_COLOR_NAME = AccentColor;
				CODE_SIGN_STYLE = Automatic;
				DEVELOPMENT_ASSET_PATHS = "\"VictoriaVRTest/Preview Content\"";
				DEVELOPMENT_TEAM = 8JH59DJ45H;
				ENABLE_PREVIEWS = YES;
				INFOPLIST_FILE = VictoriaVRTest/Info.plist;
				IPHONEOS_DEPLOYMENT_TARGET = 14.0;
				LD_RUNPATH_SEARCH_PATHS = (
					"$(inherited)",
					"@executable_path/Frameworks",
				);
				PRODUCT_BUNDLE_IDENTIFIER = cz.ivannikov.VictoriaVRTest;
				PRODUCT_NAME = "$(TARGET_NAME)";
				SWIFT_VERSION = 5.0;
				TARGETED_DEVICE_FAMILY = "1,2";
			};
			name = Debug;
		};
		9C76465128C31BAF00391045 /* Release */ = {
			isa = XCBuildConfiguration;
			buildSettings = {
				ASSETCATALOG_COMPILER_APPICON_NAME = AppIcon;
				ASSETCATALOG_COMPILER_GLOBAL_ACCENT_COLOR_NAME = AccentColor;
				CODE_SIGN_STYLE = Automatic;
				DEVELOPMENT_ASSET_PATHS = "\"VictoriaVRTest/Preview Content\"";
				DEVELOPMENT_TEAM = 8JH59DJ45H;
				ENABLE_PREVIEWS = YES;
				INFOPLIST_FILE = VictoriaVRTest/Info.plist;
				IPHONEOS_DEPLOYMENT_TARGET = 14.0;
				LD_RUNPATH_SEARCH_PATHS = (
					"$(inherited)",
					"@executable_path/Frameworks",
				);
				PRODUCT_BUNDLE_IDENTIFIER = cz.ivannikov.VictoriaVRTest;
				PRODUCT_NAME = "$(TARGET_NAME)";
				SWIFT_VERSION = 5.0;
				TARGETED_DEVICE_FAMILY = "1,2";
			};
			name = Release;
		};
/* End XCBuildConfiguration section */

/* Begin XCConfigurationList section */
		9C76463B28C31BAE00391045 /* Build configuration list for PBXProject "VictoriaVRTest" */ = {
			isa = XCConfigurationList;
			buildConfigurations = (
				9C76464D28C31BAF00391045 /* Debug */,
				9C76464E28C31BAF00391045 /* Release */,
			);
			defaultConfigurationIsVisible = 0;
			defaultConfigurationName = Release;
		};
		9C76464F28C31BAF00391045 /* Build configuration list for PBXNativeTarget "VictoriaVRTest" */ = {
			isa = XCConfigurationList;
			buildConfigurations = (
				9C76465028C31BAF00391045 /* Debug */,
				9C76465128C31BAF00391045 /* Release */,
			);
			defaultConfigurationIsVisible = 0;
			defaultConfigurationName = Release;
		};
/* End XCConfigurationList section */
	};
	rootObject = 9C76463828C31BAE00391045 /* Project object */;
}
